{
  "../../../lib/devtools": {
    "rev": "128b697838f4b0fd53ae748093fd66cc409ae5c4"
  },
  "../../../lib/forge-std": {
    "rev": "620536fa5277db4e3fd46772d5cbc1ea0696fb43"
  },
  "../../../lib/layerzero-v2": {
    "rev": "9c741e7f9790639537b1710a203bcdfd73b0b9ac"
  },
  "../../../lib/openzeppelin-contracts": {
    "rev": "5fd1781b1454fd1ef8e722282f86f9293cacf256"
  },
  "../../../lib/pyth-sdk-solidity": {
    "rev": "11d6bcfc2e56885535a9a8e3c8417847cb20be14"
  },
  "../../../lib/solidity-bytes-utils": {
    "rev": "f4413cd6137b78403e3a1156bee6aceab46b46fa"
  },
  "lib/devtools": {
    "rev": "128b697838f4b0fd53ae748093fd66cc409ae5c4"
  },
  "lib/forge-std": {
    "rev": "b3bc8b154382a75d0b0ef22d7fd4a0a5f0feee0e"
  },
  "lib/layerzero-v2": {
    "rev": "9c741e7f9790639537b1710a203bcdfd73b0b9ac"
  },
  "lib/openzeppelin-contracts": {
    "rev": "5a3b28fc5bd3976da5ea38d90d88ba26f1e0a335"
  },
  "lib/pyth-sdk-solidity": {
    "rev": "d7dd6e149936552198c12fac1273997cefc03ceb"
  },
  "lib/solidity-bytes-utils": {
    "rev": "fc502455bb2a7e26a743378df042612dd50d1eb9"
  }
}